// !$*UTF8*$!
{
	archiveVersion = 1;
	classes = {
	};
	objectVersion = 50;
	objects = {

/* Begin PBXBuildFile section */
		0583D16621E11948004C4F91 /* ChangePasswordViewController.swift in Sources */ = {isa = PBXBuildFile; fileRef = 0583D16521E11948004C4F91 /* ChangePasswordViewController.swift */; };
		05DFE4B021DEE8EC0006115D /* AppDelegate.swift in Sources */ = {isa = PBXBuildFile; fileRef = 05DFE4AF21DEE8EC0006115D /* AppDelegate.swift */; };
		05DFE4B521DEE8EC0006115D /* Main.storyboard in Resources */ = {isa = PBXBuildFile; fileRef = 05DFE4B321DEE8EC0006115D /* Main.storyboard */; };
		05DFE4B721DEE8EE0006115D /* Assets.xcassets in Resources */ = {isa = PBXBuildFile; fileRef = 05DFE4B621DEE8EE0006115D /* Assets.xcassets */; };
		05DFE4BA21DEE8EE0006115D /* LaunchScreen.storyboard in Resources */ = {isa = PBXBuildFile; fileRef = 05DFE4B821DEE8EE0006115D /* LaunchScreen.storyboard */; };
		05DFE4C521DEE9240006115D /* LoginViewController.swift in Sources */ = {isa = PBXBuildFile; fileRef = 05DFE4C421DEE9240006115D /* LoginViewController.swift */; };
		05DFE4C721DEE92D0006115D /* SignUpViewController.swift in Sources */ = {isa = PBXBuildFile; fileRef = 05DFE4C621DEE92D0006115D /* SignUpViewController.swift */; };
		05DFE4C921DEF3910006115D /* GoogleService-Info.plist in Resources */ = {isa = PBXBuildFile; fileRef = 05DFE4C821DEF3900006115D /* GoogleService-Info.plist */; };
		05DFE4CB21DEFCE50006115D /* FirebaseUser.swift in Sources */ = {isa = PBXBuildFile; fileRef = 05DFE4CA21DEFCE50006115D /* FirebaseUser.swift */; };
		05DFE4CE21DF00B50006115D /* ListReferences.swift in Sources */ = {isa = PBXBuildFile; fileRef = 05DFE4CD21DF00B50006115D /* ListReferences.swift */; };
		05DFE4D021DF05FA0006115D /* Constants.swift in Sources */ = {isa = PBXBuildFile; fileRef = 05DFE4CF21DF05FA0006115D /* Constants.swift */; };
		05DFE4D221DF07E60006115D /* Priority.swift in Sources */ = {isa = PBXBuildFile; fileRef = 05DFE4D121DF07E60006115D /* Priority.swift */; };
		05DFE4D421DF0AB90006115D /* Utilities.swift in Sources */ = {isa = PBXBuildFile; fileRef = 05DFE4D321DF0AB90006115D /* Utilities.swift */; };
		05DFE4D621DF932D0006115D /* List.swift in Sources */ = {isa = PBXBuildFile; fileRef = 05DFE4D521DF932D0006115D /* List.swift */; };
		05DFE4D821DF93360006115D /* Item.swift in Sources */ = {isa = PBXBuildFile; fileRef = 05DFE4D721DF93360006115D /* Item.swift */; };
		05DFE4DB21DFB9600006115D /* ListViewController.swift in Sources */ = {isa = PBXBuildFile; fileRef = 05DFE4DA21DFB9600006115D /* ListViewController.swift */; };
		05DFE4DF21DFB98F0006115D /* AccountViewController.swift in Sources */ = {isa = PBXBuildFile; fileRef = 05DFE4DE21DFB98F0006115D /* AccountViewController.swift */; };
		05DFE4E121DFC3030006115D /* ListTableViewCell.swift in Sources */ = {isa = PBXBuildFile; fileRef = 05DFE4E021DFC3030006115D /* ListTableViewCell.swift */; };
		05DFE4E321DFC30F0006115D /* ItemTableViewCell.swift in Sources */ = {isa = PBXBuildFile; fileRef = 05DFE4E221DFC30F0006115D /* ItemTableViewCell.swift */; };
		05DFE4E521E033D40006115D /* ItemViewController.swift in Sources */ = {isa = PBXBuildFile; fileRef = 05DFE4E421E033D40006115D /* ItemViewController.swift */; };
		B5B7AF03282304FCBAF39F3D /* Pods_ToDoList.framework in Frameworks */ = {isa = PBXBuildFile; fileRef = 851D8C394503017A9530B3C8 /* Pods_ToDoList.framework */; };
/* End PBXBuildFile section */

/* Begin PBXFileReference section */
		0583D16521E11948004C4F91 /* ChangePasswordViewController.swift */ = {isa = PBXFileReference; lastKnownFileType = sourcecode.swift; path = ChangePasswordViewController.swift; sourceTree = "<group>"; };
		05DFE4AC21DEE8EC0006115D /* ToDoList.app */ = {isa = PBXFileReference; explicitFileType = wrapper.application; includeInIndex = 0; path = ToDoList.app; sourceTree = BUILT_PRODUCTS_DIR; };
		05DFE4AF21DEE8EC0006115D /* AppDelegate.swift */ = {isa = PBXFileReference; lastKnownFileType = sourcecode.swift; path = AppDelegate.swift; sourceTree = "<group>"; };
		05DFE4B421DEE8EC0006115D /* Base */ = {isa = PBXFileReference; lastKnownFileType = file.storyboard; name = Base; path = Base.lproj/Main.storyboard; sourceTree = "<group>"; };
		05DFE4B621DEE8EE0006115D /* Assets.xcassets */ = {isa = PBXFileReference; lastKnownFileType = folder.assetcatalog; path = Assets.xcassets; sourceTree = "<group>"; };
		05DFE4B921DEE8EE0006115D /* Base */ = {isa = PBXFileReference; lastKnownFileType = file.storyboard; name = Base; path = Base.lproj/LaunchScreen.storyboard; sourceTree = "<group>"; };
		05DFE4BB21DEE8EE0006115D /* Info.plist */ = {isa = PBXFileReference; lastKnownFileType = text.plist.xml; path = Info.plist; sourceTree = "<group>"; };
		05DFE4C421DEE9240006115D /* LoginViewController.swift */ = {isa = PBXFileReference; lastKnownFileType = sourcecode.swift; path = LoginViewController.swift; sourceTree = "<group>"; };
		05DFE4C621DEE92D0006115D /* SignUpViewController.swift */ = {isa = PBXFileReference; lastKnownFileType = sourcecode.swift; path = SignUpViewController.swift; sourceTree = "<group>"; };
		05DFE4C821DEF3900006115D /* GoogleService-Info.plist */ = {isa = PBXFileReference; fileEncoding = 4; lastKnownFileType = text.plist.xml; path = "GoogleService-Info.plist"; sourceTree = "<group>"; };
		05DFE4CA21DEFCE50006115D /* FirebaseUser.swift */ = {isa = PBXFileReference; lastKnownFileType = sourcecode.swift; path = FirebaseUser.swift; sourceTree = "<group>"; };
		05DFE4CD21DF00B50006115D /* ListReferences.swift */ = {isa = PBXFileReference; lastKnownFileType = sourcecode.swift; path = ListReferences.swift; sourceTree = "<group>"; };
		05DFE4CF21DF05FA0006115D /* Constants.swift */ = {isa = PBXFileReference; lastKnownFileType = sourcecode.swift; path = Constants.swift; sourceTree = "<group>"; };
		05DFE4D121DF07E60006115D /* Priority.swift */ = {isa = PBXFileReference; lastKnownFileType = sourcecode.swift; path = Priority.swift; sourceTree = "<group>"; };
		05DFE4D321DF0AB90006115D /* Utilities.swift */ = {isa = PBXFileReference; lastKnownFileType = sourcecode.swift; path = Utilities.swift; sourceTree = "<group>"; };
		05DFE4D521DF932D0006115D /* List.swift */ = {isa = PBXFileReference; lastKnownFileType = sourcecode.swift; path = List.swift; sourceTree = "<group>"; };
		05DFE4D721DF93360006115D /* Item.swift */ = {isa = PBXFileReference; lastKnownFileType = sourcecode.swift; path = Item.swift; sourceTree = "<group>"; };
		05DFE4DA21DFB9600006115D /* ListViewController.swift */ = {isa = PBXFileReference; lastKnownFileType = sourcecode.swift; path = ListViewController.swift; sourceTree = "<group>"; };
		05DFE4DE21DFB98F0006115D /* AccountViewController.swift */ = {isa = PBXFileReference; lastKnownFileType = sourcecode.swift; path = AccountViewController.swift; sourceTree = "<group>"; };
		05DFE4E021DFC3030006115D /* ListTableViewCell.swift */ = {isa = PBXFileReference; lastKnownFileType = sourcecode.swift; path = ListTableViewCell.swift; sourceTree = "<group>"; };
		05DFE4E221DFC30F0006115D /* ItemTableViewCell.swift */ = {isa = PBXFileReference; lastKnownFileType = sourcecode.swift; path = ItemTableViewCell.swift; sourceTree = "<group>"; };
		05DFE4E421E033D40006115D /* ItemViewController.swift */ = {isa = PBXFileReference; lastKnownFileType = sourcecode.swift; path = ItemViewController.swift; sourceTree = "<group>"; };
		0E2081692E5A1B81A1D8CA6D /* Pods-ToDoList.debug.xcconfig */ = {isa = PBXFileReference; includeInIndex = 1; lastKnownFileType = text.xcconfig; name = "Pods-ToDoList.debug.xcconfig"; path = "Pods/Target Support Files/Pods-ToDoList/Pods-ToDoList.debug.xcconfig"; sourceTree = "<group>"; };
		851D8C394503017A9530B3C8 /* Pods_ToDoList.framework */ = {isa = PBXFileReference; explicitFileType = wrapper.framework; includeInIndex = 0; path = Pods_ToDoList.framework; sourceTree = BUILT_PRODUCTS_DIR; };
		A6368AB0E9182BE628B7ADB3 /* Pods-ToDoList.release.xcconfig */ = {isa = PBXFileReference; includeInIndex = 1; lastKnownFileType = text.xcconfig; name = "Pods-ToDoList.release.xcconfig"; path = "Pods/Target Support Files/Pods-ToDoList/Pods-ToDoList.release.xcconfig"; sourceTree = "<group>"; };
/* End PBXFileReference section */

/* Begin PBXFrameworksBuildPhase section */
		05DFE4A921DEE8EC0006115D /* Frameworks */ = {
			isa = PBXFrameworksBuildPhase;
			buildActionMask = 2147483647;
			files = (
				B5B7AF03282304FCBAF39F3D /* Pods_ToDoList.framework in Frameworks */,
			);
			runOnlyForDeploymentPostprocessing = 0;
		};
/* End PBXFrameworksBuildPhase section */

/* Begin PBXGroup section */
		05DFE4A321DEE8EC0006115D = {
			isa = PBXGroup;
			children = (
				05DFE4AE21DEE8EC0006115D /* ToDoList */,
				05DFE4AD21DEE8EC0006115D /* Products */,
				E35C0CF219B60E177A705DC9 /* Pods */,
				E3EF47A2D02AAB139E0C00FE /* Frameworks */,
			);
			sourceTree = "<group>";
		};
		05DFE4AD21DEE8EC0006115D /* Products */ = {
			isa = PBXGroup;
			children = (
				05DFE4AC21DEE8EC0006115D /* ToDoList.app */,
			);
			name = Products;
			sourceTree = "<group>";
		};
		05DFE4AE21DEE8EC0006115D /* ToDoList */ = {
			isa = PBXGroup;
			children = (
				05DFE4CC21DF00840006115D /* Utilities */,
				05DFE4C321DEE9120006115D /* Model */,
				05DFE4C221DEE90D0006115D /* Controller */,
				05DFE4C121DEE90A0006115D /* View */,
				05DFE4AF21DEE8EC0006115D /* AppDelegate.swift */,
				05DFE4B321DEE8EC0006115D /* Main.storyboard */,
				05DFE4B621DEE8EE0006115D /* Assets.xcassets */,
				05DFE4B821DEE8EE0006115D /* LaunchScreen.storyboard */,
				05DFE4C821DEF3900006115D /* GoogleService-Info.plist */,
				05DFE4BB21DEE8EE0006115D /* Info.plist */,
			);
			path = ToDoList;
			sourceTree = "<group>";
		};
		05DFE4C121DEE90A0006115D /* View */ = {
			isa = PBXGroup;
			children = (
				05DFE4E021DFC3030006115D /* ListTableViewCell.swift */,
				05DFE4E221DFC30F0006115D /* ItemTableViewCell.swift */,
			);
			path = View;
			sourceTree = "<group>";
		};
		05DFE4C221DEE90D0006115D /* Controller */ = {
			isa = PBXGroup;
			children = (
				05DFE4DC21DFB9670006115D /* Login/SignUp */,
				05DFE4DD21DFB9810006115D /* Main  */,
			);
			path = Controller;
			sourceTree = "<group>";
		};
		05DFE4C321DEE9120006115D /* Model */ = {
			isa = PBXGroup;
			children = (
				05DFE4CA21DEFCE50006115D /* FirebaseUser.swift */,
				05DFE4D521DF932D0006115D /* List.swift */,
				05DFE4D721DF93360006115D /* Item.swift */,
			);
			path = Model;
			sourceTree = "<group>";
		};
		05DFE4CC21DF00840006115D /* Utilities */ = {
			isa = PBXGroup;
			children = (
				05DFE4D921DFB10D0006115D /* Enums */,
				05DFE4CF21DF05FA0006115D /* Constants.swift */,
				05DFE4D321DF0AB90006115D /* Utilities.swift */,
				05DFE4CD21DF00B50006115D /* ListReferences.swift */,
				05DFE4D121DF07E60006115D /* Priority.swift */,
			);
			path = Utilities;
			sourceTree = "<group>";
		};
		05DFE4D921DFB10D0006115D /* Enums */ = {
			isa = PBXGroup;
			children = (
			);
			path = Enums;
			sourceTree = "<group>";
		};
		05DFE4DC21DFB9670006115D /* Login/SignUp */ = {
			isa = PBXGroup;
			children = (
				05DFE4C421DEE9240006115D /* LoginViewController.swift */,
				05DFE4C621DEE92D0006115D /* SignUpViewController.swift */,
			);
			name = Login/SignUp;
			sourceTree = "<group>";
		};
		05DFE4DD21DFB9810006115D /* Main  */ = {
			isa = PBXGroup;
			children = (
				05DFE4DA21DFB9600006115D /* ListViewController.swift */,
				05DFE4DE21DFB98F0006115D /* AccountViewController.swift */,
				05DFE4E421E033D40006115D /* ItemViewController.swift */,
				0583D16521E11948004C4F91 /* ChangePasswordViewController.swift */,
			);
			name = "Main ";
			sourceTree = "<group>";
		};
		E35C0CF219B60E177A705DC9 /* Pods */ = {
			isa = PBXGroup;
			children = (
				0E2081692E5A1B81A1D8CA6D /* Pods-ToDoList.debug.xcconfig */,
				A6368AB0E9182BE628B7ADB3 /* Pods-ToDoList.release.xcconfig */,
			);
			name = Pods;
			sourceTree = "<group>";
		};
		E3EF47A2D02AAB139E0C00FE /* Frameworks */ = {
			isa = PBXGroup;
			children = (
				851D8C394503017A9530B3C8 /* Pods_ToDoList.framework */,
			);
			name = Frameworks;
			sourceTree = "<group>";
		};
/* End PBXGroup section */

/* Begin PBXNativeTarget section */
		05DFE4AB21DEE8EC0006115D /* ToDoList */ = {
			isa = PBXNativeTarget;
			buildConfigurationList = 05DFE4BE21DEE8EE0006115D /* Build configuration list for PBXNativeTarget "ToDoList" */;
			buildPhases = (
				0734206BA4C894D96C7622BB /* [CP] Check Pods Manifest.lock */,
				05DFE4A821DEE8EC0006115D /* Sources */,
				05DFE4A921DEE8EC0006115D /* Frameworks */,
				05DFE4AA21DEE8EC0006115D /* Resources */,
				DA8927A1856637336AAD67A5 /* [CP] Embed Pods Frameworks */,
				9F90DE36C96E349882131111 /* [CP] Copy Pods Resources */,
			);
			buildRules = (
			);
			dependencies = (
			);
			name = ToDoList;
			productName = ToDoList;
			productReference = 05DFE4AC21DEE8EC0006115D /* ToDoList.app */;
			productType = "com.apple.product-type.application";
		};
/* End PBXNativeTarget section */

/* Begin PBXProject section */
		05DFE4A421DEE8EC0006115D /* Project object */ = {
			isa = PBXProject;
			attributes = {
				LastSwiftUpdateCheck = 1010;
				LastUpgradeCheck = 1010;
				ORGANIZATIONNAME = "Nguyen Lam";
				TargetAttributes = {
					05DFE4AB21DEE8EC0006115D = {
						CreatedOnToolsVersion = 10.1;
					};
				};
			};
			buildConfigurationList = 05DFE4A721DEE8EC0006115D /* Build configuration list for PBXProject "ToDoList" */;
			compatibilityVersion = "Xcode 9.3";
			developmentRegion = en;
			hasScannedForEncodings = 0;
			knownRegions = (
				en,
				Base,
			);
			mainGroup = 05DFE4A321DEE8EC0006115D;
			productRefGroup = 05DFE4AD21DEE8EC0006115D /* Products */;
			projectDirPath = "";
			projectRoot = "";
			targets = (
				05DFE4AB21DEE8EC0006115D /* ToDoList */,
			);
		};
/* End PBXProject section */

/* Begin PBXResourcesBuildPhase section */
		05DFE4AA21DEE8EC0006115D /* Resources */ = {
			isa = PBXResourcesBuildPhase;
			buildActionMask = 2147483647;
			files = (
				05DFE4BA21DEE8EE0006115D /* LaunchScreen.storyboard in Resources */,
				05DFE4C921DEF3910006115D /* GoogleService-Info.plist in Resources */,
				05DFE4B721DEE8EE0006115D /* Assets.xcassets in Resources */,
				05DFE4B521DEE8EC0006115D /* Main.storyboard in Resources */,
			);
			runOnlyForDeploymentPostprocessing = 0;
		};
/* End PBXResourcesBuildPhase section */

/* Begin PBXShellScriptBuildPhase section */
		0734206BA4C894D96C7622BB /* [CP] Check Pods Manifest.lock */ = {
			isa = PBXShellScriptBuildPhase;
			buildActionMask = 2147483647;
			files = (
			);
			inputFileListPaths = (
			);
			inputPaths = (
				"${PODS_PODFILE_DIR_PATH}/Podfile.lock",
				"${PODS_ROOT}/Manifest.lock",
			);
			name = "[CP] Check Pods Manifest.lock";
			outputFileListPaths = (
			);
			outputPaths = (
				"$(DERIVED_FILE_DIR)/Pods-ToDoList-checkManifestLockResult.txt",
			);
			runOnlyForDeploymentPostprocessing = 0;
			shellPath = /bin/sh;
			shellScript = "diff \"${PODS_PODFILE_DIR_PATH}/Podfile.lock\" \"${PODS_ROOT}/Manifest.lock\" > /dev/null\nif [ $? != 0 ] ; then\n    # print error to STDERR\n    echo \"error: The sandbox is not in sync with the Podfile.lock. Run 'pod install' or update your CocoaPods installation.\" >&2\n    exit 1\nfi\n# This output is used by Xcode 'outputs' to avoid re-running this script phase.\necho \"SUCCESS\" > \"${SCRIPT_OUTPUT_FILE_0}\"\n";
			showEnvVarsInLog = 0;
		};
		9F90DE36C96E349882131111 /* [CP] Copy Pods Resources */ = {
			isa = PBXShellScriptBuildPhase;
			buildActionMask = 2147483647;
			files = (
			);
			inputFileListPaths = (
			);
			inputPaths = (
				"${SRCROOT}/Pods/Target Support Files/Pods-ToDoList/Pods-ToDoList-resources.sh",
				"${PODS_CONFIGURATION_BUILD_DIR}/FirebaseFirestore/gRPCCertificates-Firestore.bundle",
			);
			name = "[CP] Copy Pods Resources";
			outputFileListPaths = (
			);
			outputPaths = (
				"${TARGET_BUILD_DIR}/${UNLOCALIZED_RESOURCES_FOLDER_PATH}/gRPCCertificates-Firestore.bundle",
			);
			runOnlyForDeploymentPostprocessing = 0;
			shellPath = /bin/sh;
			shellScript = "\"${SRCROOT}/Pods/Target Support Files/Pods-ToDoList/Pods-ToDoList-resources.sh\"\n";
			showEnvVarsInLog = 0;
		};
		DA8927A1856637336AAD67A5 /* [CP] Embed Pods Frameworks */ = {
			isa = PBXShellScriptBuildPhase;
			buildActionMask = 2147483647;
			files = (
			);
			inputFileListPaths = (
			);
			inputPaths = (
				"${SRCROOT}/Pods/Target Support Files/Pods-ToDoList/Pods-ToDoList-frameworks.sh",
				"${BUILT_PRODUCTS_DIR}/BoringSSL/openssl.framework",
				"${BUILT_PRODUCTS_DIR}/GTMSessionFetcher/GTMSessionFetcher.framework",
				"${BUILT_PRODUCTS_DIR}/GoogleUtilities/GoogleUtilities.framework",
				"${BUILT_PRODUCTS_DIR}/KRActivityIndicatorView/KRActivityIndicatorView.framework",
				"${BUILT_PRODUCTS_DIR}/KRProgressHUD/KRProgressHUD.framework",
				"${BUILT_PRODUCTS_DIR}/MBProgressHUD/MBProgressHUD.framework",
				"${BUILT_PRODUCTS_DIR}/ProgressHUD/ProgressHUD.framework",
				"${BUILT_PRODUCTS_DIR}/Protobuf/Protobuf.framework",
				"${BUILT_PRODUCTS_DIR}/gRPC-C++/grpcpp.framework",
				"${BUILT_PRODUCTS_DIR}/gRPC-Core/grpc.framework",
				"${BUILT_PRODUCTS_DIR}/leveldb-library/leveldb.framework",
				"${BUILT_PRODUCTS_DIR}/nanopb/nanopb.framework",
			);
			name = "[CP] Embed Pods Frameworks";
			outputFileListPaths = (
			);
			outputPaths = (
				"${TARGET_BUILD_DIR}/${FRAMEWORKS_FOLDER_PATH}/openssl.framework",
				"${TARGET_BUILD_DIR}/${FRAMEWORKS_FOLDER_PATH}/GTMSessionFetcher.framework",
				"${TARGET_BUILD_DIR}/${FRAMEWORKS_FOLDER_PATH}/GoogleUtilities.framework",
				"${TARGET_BUILD_DIR}/${FRAMEWORKS_FOLDER_PATH}/KRActivityIndicatorView.framework",
				"${TARGET_BUILD_DIR}/${FRAMEWORKS_FOLDER_PATH}/KRProgressHUD.framework",
				"${TARGET_BUILD_DIR}/${FRAMEWORKS_FOLDER_PATH}/MBProgressHUD.framework",
				"${TARGET_BUILD_DIR}/${FRAMEWORKS_FOLDER_PATH}/ProgressHUD.framework",
				"${TARGET_BUILD_DIR}/${FRAMEWORKS_FOLDER_PATH}/Protobuf.framework",
				"${TARGET_BUILD_DIR}/${FRAMEWORKS_FOLDER_PATH}/grpcpp.framework",
				"${TARGET_BUILD_DIR}/${FRAMEWORKS_FOLDER_PATH}/grpc.framework",
				"${TARGET_BUILD_DIR}/${FRAMEWORKS_FOLDER_PATH}/leveldb.framework",
				"${TARGET_BUILD_DIR}/${FRAMEWORKS_FOLDER_PATH}/nanopb.framework",
			);
			runOnlyForDeploymentPostprocessing = 0;
			shellPath = /bin/sh;
			shellScript = "\"${SRCROOT}/Pods/Target Support Files/Pods-ToDoList/Pods-ToDoList-frameworks.sh\"\n";
			showEnvVarsInLog = 0;
		};
/* End PBXShellScriptBuildPhase section */

/* Begin PBXSourcesBuildPhase section */
		05DFE4A821DEE8EC0006115D /* Sources */ = {
			isa = PBXSourcesBuildPhase;
			buildActionMask = 2147483647;
			files = (
				05DFE4D821DF93360006115D /* Item.swift in Sources */,
				05DFE4C721DEE92D0006115D /* SignUpViewController.swift in Sources */,
				05DFE4E521E033D40006115D /* ItemViewController.swift in Sources */,
				05DFE4DF21DFB98F0006115D /* AccountViewController.swift in Sources */,
				05DFE4CB21DEFCE50006115D /* FirebaseUser.swift in Sources */,
				05DFE4D221DF07E60006115D /* Priority.swift in Sources */,
				05DFE4C521DEE9240006115D /* LoginViewController.swift in Sources */,
				05DFE4DB21DFB9600006115D /* ListViewController.swift in Sources */,
				05DFE4CE21DF00B50006115D /* ListReferences.swift in Sources */,
				0583D16621E11948004C4F91 /* ChangePasswordViewController.swift in Sources */,
				05DFE4B021DEE8EC0006115D /* AppDelegate.swift in Sources */,
				05DFE4D421DF0AB90006115D /* Utilities.swift in Sources */,
				05DFE4D021DF05FA0006115D /* Constants.swift in Sources */,
				05DFE4E121DFC3030006115D /* ListTableViewCell.swift in Sources */,
				05DFE4E321DFC30F0006115D /* ItemTableViewCell.swift in Sources */,
				05DFE4D621DF932D0006115D /* List.swift in Sources */,
			);
			runOnlyForDeploymentPostprocessing = 0;
		};
/* End PBXSourcesBuildPhase section */

/* Begin PBXVariantGroup section */
		05DFE4B321DEE8EC0006115D /* Main.storyboard */ = {
			isa = PBXVariantGroup;
			children = (
				05DFE4B421DEE8EC0006115D /* Base */,
			);
			name = Main.storyboard;
			sourceTree = "<group>";
		};
		05DFE4B821DEE8EE0006115D /* LaunchScreen.storyboard */ = {
			isa = PBXVariantGroup;
			children = (
				05DFE4B921DEE8EE0006115D /* Base */,
			);
			name = LaunchScreen.storyboard;
			sourceTree = "<group>";
		};
/* End PBXVariantGroup section */

/* Begin XCBuildConfiguration section */
		05DFE4BC21DEE8EE0006115D /* Debug */ = {
			isa = XCBuildConfiguration;
			buildSettings = {
				ALWAYS_SEARCH_USER_PATHS = NO;
				CLANG_ANALYZER_NONNULL = YES;
				CLANG_ANALYZER_NUMBER_OBJECT_CONVERSION = YES_AGGRESSIVE;
				CLANG_CXX_LANGUAGE_STANDARD = "gnu++14";
				CLANG_CXX_LIBRARY = "libc++";
				CLANG_ENABLE_MODULES = YES;
				CLANG_ENABLE_OBJC_ARC = YES;
				CLANG_ENABLE_OBJC_WEAK = YES;
				CLANG_WARN_BLOCK_CAPTURE_AUTORELEASING = YES;
				CLANG_WARN_BOOL_CONVERSION = YES;
				CLANG_WARN_COMMA = YES;
				CLANG_WARN_CONSTANT_CONVERSION = YES;
				CLANG_WARN_DEPRECATED_OBJC_IMPLEMENTATIONS = YES;
				CLANG_WARN_DIRECT_OBJC_ISA_USAGE = YES_ERROR;
				CLANG_WARN_DOCUMENTATION_COMMENTS = YES;
				CLANG_WARN_EMPTY_BODY = YES;
				CLANG_WARN_ENUM_CONVERSION = YES;
				CLANG_WARN_INFINITE_RECURSION = YES;
				CLANG_WARN_INT_CONVERSION = YES;
				CLANG_WARN_NON_LITERAL_NULL_CONVERSION = YES;
				CLANG_WARN_OBJC_IMPLICIT_RETAIN_SELF = YES;
				CLANG_WARN_OBJC_LITERAL_CONVERSION = YES;
				CLANG_WARN_OBJC_ROOT_CLASS = YES_ERROR;
				CLANG_WARN_RANGE_LOOP_ANALYSIS = YES;
				CLANG_WARN_STRICT_PROTOTYPES = YES;
				CLANG_WARN_SUSPICIOUS_MOVE = YES;
				CLANG_WARN_UNGUARDED_AVAILABILITY = YES_AGGRESSIVE;
				CLANG_WARN_UNREACHABLE_CODE = YES;
				CLANG_WARN__DUPLICATE_METHOD_MATCH = YES;
				CODE_SIGN_IDENTITY = "iPhone Developer";
				COPY_PHASE_STRIP = NO;
				DEBUG_INFORMATION_FORMAT = dwarf;
				ENABLE_STRICT_OBJC_MSGSEND = YES;
				ENABLE_TESTABILITY = YES;
				GCC_C_LANGUAGE_STANDARD = gnu11;
				GCC_DYNAMIC_NO_PIC = NO;
				GCC_NO_COMMON_BLOCKS = YES;
				GCC_OPTIMIZATION_LEVEL = 0;
				GCC_PREPROCESSOR_DEFINITIONS = (
					"DEBUG=1",
					"$(inherited)",
				);
				GCC_WARN_64_TO_32_BIT_CONVERSION = YES;
				GCC_WARN_ABOUT_RETURN_TYPE = YES_ERROR;
				GCC_WARN_UNDECLARED_SELECTOR = YES;
				GCC_WARN_UNINITIALIZED_AUTOS = YES_AGGRESSIVE;
				GCC_WARN_UNUSED_FUNCTION = YES;
				GCC_WARN_UNUSED_VARIABLE = YES;
				IPHONEOS_DEPLOYMENT_TARGET = 12.1;
				MTL_ENABLE_DEBUG_INFO = INCLUDE_SOURCE;
				MTL_FAST_MATH = YES;
				ONLY_ACTIVE_ARCH = YES;
				SDKROOT = iphoneos;
				SWIFT_ACTIVE_COMPILATION_CONDITIONS = DEBUG;
				SWIFT_OPTIMIZATION_LEVEL = "-Onone";
			};
			name = Debug;
		};
		05DFE4BD21DEE8EE0006115D /* Release */ = {
			isa = XCBuildConfiguration;
			buildSettings = {
				ALWAYS_SEARCH_USER_PATHS = NO;
				CLANG_ANALYZER_NONNULL = YES;
				CLANG_ANALYZER_NUMBER_OBJECT_CONVERSION = YES_AGGRESSIVE;
				CLANG_CXX_LANGUAGE_STANDARD = "gnu++14";
				CLANG_CXX_LIBRARY = "libc++";
				CLANG_ENABLE_MODULES = YES;
				CLANG_ENABLE_OBJC_ARC = YES;
				CLANG_ENABLE_OBJC_WEAK = YES;
				CLANG_WARN_BLOCK_CAPTURE_AUTORELEASING = YES;
				CLANG_WARN_BOOL_CONVERSION = YES;
				CLANG_WARN_COMMA = YES;
				CLANG_WARN_CONSTANT_CONVERSION = YES;
				CLANG_WARN_DEPRECATED_OBJC_IMPLEMENTATIONS = YES;
				CLANG_WARN_DIRECT_OBJC_ISA_USAGE = YES_ERROR;
				CLANG_WARN_DOCUMENTATION_COMMENTS = YES;
				CLANG_WARN_EMPTY_BODY = YES;
				CLANG_WARN_ENUM_CONVERSION = YES;
				CLANG_WARN_INFINITE_RECURSION = YES;
				CLANG_WARN_INT_CONVERSION = YES;
				CLANG_WARN_NON_LITERAL_NULL_CONVERSION = YES;
				CLANG_WARN_OBJC_IMPLICIT_RETAIN_SELF = YES;
				CLANG_WARN_OBJC_LITERAL_CONVERSION = YES;
				CLANG_WARN_OBJC_ROOT_CLASS = YES_ERROR;
				CLANG_WARN_RANGE_LOOP_ANALYSIS = YES;
				CLANG_WARN_STRICT_PROTOTYPES = YES;
				CLANG_WARN_SUSPICIOUS_MOVE = YES;
				CLANG_WARN_UNGUARDED_AVAILABILITY = YES_AGGRESSIVE;
				CLANG_WARN_UNREACHABLE_CODE = YES;
				CLANG_WARN__DUPLICATE_METHOD_MATCH = YES;
				CODE_SIGN_IDENTITY = "iPhone Developer";
				COPY_PHASE_STRIP = NO;
				DEBUG_INFORMATION_FORMAT = "dwarf-with-dsym";
				ENABLE_NS_ASSERTIONS = NO;
				ENABLE_STRICT_OBJC_MSGSEND = YES;
				GCC_C_LANGUAGE_STANDARD = gnu11;
				GCC_NO_COMMON_BLOCKS = YES;
				GCC_WARN_64_TO_32_BIT_CONVERSION = YES;
				GCC_WARN_ABOUT_RETURN_TYPE = YES_ERROR;
				GCC_WARN_UNDECLARED_SELECTOR = YES;
				GCC_WARN_UNINITIALIZED_AUTOS = YES_AGGRESSIVE;
				GCC_WARN_UNUSED_FUNCTION = YES;
				GCC_WARN_UNUSED_VARIABLE = YES;
				IPHONEOS_DEPLOYMENT_TARGET = 12.1;
				MTL_ENABLE_DEBUG_INFO = NO;
				MTL_FAST_MATH = YES;
				SDKROOT = iphoneos;
				SWIFT_COMPILATION_MODE = wholemodule;
				SWIFT_OPTIMIZATION_LEVEL = "-O";
				VALIDATE_PRODUCT = YES;
			};
			name = Release;
		};
		05DFE4BF21DEE8EE0006115D /* Debug */ = {
			isa = XCBuildConfiguration;
			baseConfigurationReference = 0E2081692E5A1B81A1D8CA6D /* Pods-ToDoList.debug.xcconfig */;
			buildSettings = {
				ASSETCATALOG_COMPILER_APPICON_NAME = AppIcon;
				CODE_SIGN_STYLE = Automatic;
				DEVELOPMENT_TEAM = 262A8C7KHX;
				INFOPLIST_FILE = ToDoList/Info.plist;
				LD_RUNPATH_SEARCH_PATHS = (
					"$(inherited)",
					"@executable_path/Frameworks",
				);
				PRODUCT_BUNDLE_IDENTIFIER = com.fpt.ToDoList;
				PRODUCT_NAME = "$(TARGET_NAME)";
				SWIFT_VERSION = 4.2;
				TARGETED_DEVICE_FAMILY = "1,2";
			};
			name = Debug;
		};
		05DFE4C021DEE8EE0006115D /* Release */ = {
			isa = XCBuildConfiguration;
			baseConfigurationReference = A6368AB0E9182BE628B7ADB3 /* Pods-ToDoList.release.xcconfig */;
			buildSettings = {
				ASSETCATALOG_COMPILER_APPICON_NAME = AppIcon;
				CODE_SIGN_STYLE = Automatic;
				DEVELOPMENT_TEAM = 262A8C7KHX;
				INFOPLIST_FILE = ToDoList/Info.plist;
				LD_RUNPATH_SEARCH_PATHS = (
					"$(inherited)",
					"@executable_path/Frameworks",
				);
				PRODUCT_BUNDLE_IDENTIFIER = com.fpt.ToDoList;
				PRODUCT_NAME = "$(TARGET_NAME)";
				SWIFT_VERSION = 4.2;
				TARGETED_DEVICE_FAMILY = "1,2";
			};
			name = Release;
		};
/* End XCBuildConfiguration section */

/* Begin XCConfigurationList section */
		05DFE4A721DEE8EC0006115D /* Build configuration list for PBXProject "ToDoList" */ = {
			isa = XCConfigurationList;
			buildConfigurations = (
				05DFE4BC21DEE8EE0006115D /* Debug */,
				05DFE4BD21DEE8EE0006115D /* Release */,
			);
			defaultConfigurationIsVisible = 0;
			defaultConfigurationName = Release;
		};
		05DFE4BE21DEE8EE0006115D /* Build configuration list for PBXNativeTarget "ToDoList" */ = {
			isa = XCConfigurationList;
			buildConfigurations = (
				05DFE4BF21DEE8EE0006115D /* Debug */,
				05DFE4C021DEE8EE0006115D /* Release */,
			);
			defaultConfigurationIsVisible = 0;
			defaultConfigurationName = Release;
		};
/* End XCConfigurationList section */
	};
	rootObject = 05DFE4A421DEE8EC0006115D /* Project object */;
}
